// !$*UTF8*$!
{
	archiveVersion = 1;
	classes = {
	};
	objectVersion = 50;
	objects = {

/* Begin PBXBuildFile section */
		3E1D0DD322C0A0BF008E185B /* AppDelegate.m in Sources */ = {isa = PBXBuildFile; fileRef = 3E1D0DD222C0A0BF008E185B /* AppDelegate.m */; };
		3E1D0DD622C0A0BF008E185B /* ViewController.m in Sources */ = {isa = PBXBuildFile; fileRef = 3E1D0DD522C0A0BF008E185B /* ViewController.m */; };
		3E1D0DD922C0A0BF008E185B /* Main.storyboard in Resources */ = {isa = PBXBuildFile; fileRef = 3E1D0DD722C0A0BF008E185B /* Main.storyboard */; };
		3E1D0DDB22C0A0C0008E185B /* Assets.xcassets in Resources */ = {isa = PBXBuildFile; fileRef = 3E1D0DDA22C0A0C0008E185B /* Assets.xcassets */; };
		3E1D0DDE22C0A0C0008E185B /* LaunchScreen.storyboard in Resources */ = {isa = PBXBuildFile; fileRef = 3E1D0DDC22C0A0C0008E185B /* LaunchScreen.storyboard */; };
		3E1D0DE122C0A0C0008E185B /* main.m in Sources */ = {isa = PBXBuildFile; fileRef = 3E1D0DE022C0A0C0008E185B /* main.m */; };
		3E1D0DEB22C0A0C0008E185B /* StarScoreTests.m in Sources */ = {isa = PBXBuildFile; fileRef = 3E1D0DEA22C0A0C0008E185B /* StarScoreTests.m */; };
		3E1D0DF622C0A0C0008E185B /* StarScoreUITests.m in Sources */ = {isa = PBXBuildFile; fileRef = 3E1D0DF522C0A0C0008E185B /* StarScoreUITests.m */; };
		3E1D0E0822C0A1C8008E185B /* StarRateView.m in Sources */ = {isa = PBXBuildFile; fileRef = 3E1D0E0722C0A1C8008E185B /* StarRateView.m */; };
/* End PBXBuildFile section */

/* Begin PBXContainerItemProxy section */
		3E1D0DE722C0A0C0008E185B /* PBXContainerItemProxy */ = {
			isa = PBXContainerItemProxy;
			containerPortal = 3E1D0DC622C0A0BF008E185B /* Project object */;
			proxyType = 1;
			remoteGlobalIDString = 3E1D0DCD22C0A0BF008E185B;
			remoteInfo = StarScore;
		};
		3E1D0DF222C0A0C0008E185B /* PBXContainerItemProxy */ = {
			isa = PBXContainerItemProxy;
			containerPortal = 3E1D0DC622C0A0BF008E185B /* Project object */;
			proxyType = 1;
			remoteGlobalIDString = 3E1D0DCD22C0A0BF008E185B;
			remoteInfo = StarScore;
		};
/* End PBXContainerItemProxy section */

/* Begin PBXFileReference section */
		3E1D0DCE22C0A0BF008E185B /* StarScore.app */ = {isa = PBXFileReference; explicitFileType = wrapper.application; includeInIndex = 0; path = StarScore.app; sourceTree = BUILT_PRODUCTS_DIR; };
		3E1D0DD122C0A0BF008E185B /* AppDelegate.h */ = {isa = PBXFileReference; lastKnownFileType = sourcecode.c.h; path = AppDelegate.h; sourceTree = "<group>"; };
		3E1D0DD222C0A0BF008E185B /* AppDelegate.m */ = {isa = PBXFileReference; lastKnownFileType = sourcecode.c.objc; path = AppDelegate.m; sourceTree = "<group>"; };
		3E1D0DD422C0A0BF008E185B /* ViewController.h */ = {isa = PBXFileReference; lastKnownFileType = sourcecode.c.h; path = ViewController.h; sourceTree = "<group>"; };
		3E1D0DD522C0A0BF008E185B /* ViewController.m */ = {isa = PBXFileReference; lastKnownFileType = sourcecode.c.objc; path = ViewController.m; sourceTree = "<group>"; };
		3E1D0DD822C0A0BF008E185B /* Base */ = {isa = PBXFileReference; lastKnownFileType = file.storyboard; name = Base; path = Base.lproj/Main.storyboard; sourceTree = "<group>"; };
		3E1D0DDA22C0A0C0008E185B /* Assets.xcassets */ = {isa = PBXFileReference; lastKnownFileType = folder.assetcatalog; path = Assets.xcassets; sourceTree = "<group>"; };
		3E1D0DDD22C0A0C0008E185B /* Base */ = {isa = PBXFileReference; lastKnownFileType = file.storyboard; name = Base; path = Base.lproj/LaunchScreen.storyboard; sourceTree = "<group>"; };
		3E1D0DDF22C0A0C0008E185B /* Info.plist */ = {isa = PBXFileReference; lastKnownFileType = text.plist.xml; path = Info.plist; sourceTree = "<group>"; };
		3E1D0DE022C0A0C0008E185B /* main.m */ = {isa = PBXFileReference; lastKnownFileType = sourcecode.c.objc; path = main.m; sourceTree = "<group>"; };
		3E1D0DE622C0A0C0008E185B /* StarScoreTests.xctest */ = {isa = PBXFileReference; explicitFileType = wrapper.cfbundle; includeInIndex = 0; path = StarScoreTests.xctest; sourceTree = BUILT_PRODUCTS_DIR; };
		3E1D0DEA22C0A0C0008E185B /* StarScoreTests.m */ = {isa = PBXFileReference; lastKnownFileType = sourcecode.c.objc; path = StarScoreTests.m; sourceTree = "<group>"; };
		3E1D0DEC22C0A0C0008E185B /* Info.plist */ = {isa = PBXFileReference; lastKnownFileType = text.plist.xml; path = Info.plist; sourceTree = "<group>"; };
		3E1D0DF122C0A0C0008E185B /* StarScoreUITests.xctest */ = {isa = PBXFileReference; explicitFileType = wrapper.cfbundle; includeInIndex = 0; path = StarScoreUITests.xctest; sourceTree = BUILT_PRODUCTS_DIR; };
		3E1D0DF522C0A0C0008E185B /* StarScoreUITests.m */ = {isa = PBXFileReference; lastKnownFileType = sourcecode.c.objc; path = StarScoreUITests.m; sourceTree = "<group>"; };
		3E1D0DF722C0A0C0008E185B /* Info.plist */ = {isa = PBXFileReference; lastKnownFileType = text.plist.xml; path = Info.plist; sourceTree = "<group>"; };
		3E1D0E0622C0A1C8008E185B /* StarRateView.h */ = {isa = PBXFileReference; fileEncoding = 4; lastKnownFileType = sourcecode.c.h; path = StarRateView.h; sourceTree = "<group>"; };
		3E1D0E0722C0A1C8008E185B /* StarRateView.m */ = {isa = PBXFileReference; fileEncoding = 4; lastKnownFileType = sourcecode.c.objc; path = StarRateView.m; sourceTree = "<group>"; };
/* End PBXFileReference section */

/* Begin PBXFrameworksBuildPhase section */
		3E1D0DCB22C0A0BF008E185B /* Frameworks */ = {
			isa = PBXFrameworksBuildPhase;
			buildActionMask = 2147483647;
			files = (
			);
			runOnlyForDeploymentPostprocessing = 0;
		};
		3E1D0DE322C0A0C0008E185B /* Frameworks */ = {
			isa = PBXFrameworksBuildPhase;
			buildActionMask = 2147483647;
			files = (
			);
			runOnlyForDeploymentPostprocessing = 0;
		};
		3E1D0DEE22C0A0C0008E185B /* Frameworks */ = {
			isa = PBXFrameworksBuildPhase;
			buildActionMask = 2147483647;
			files = (
			);
			runOnlyForDeploymentPostprocessing = 0;
		};
/* End PBXFrameworksBuildPhase section */

/* Begin PBXGroup section */
		3E1D0DC522C0A0BF008E185B = {
			isa = PBXGroup;
			children = (
				3E1D0DD022C0A0BF008E185B /* StarScore */,
				3E1D0DE922C0A0C0008E185B /* StarScoreTests */,
				3E1D0DF422C0A0C0008E185B /* StarScoreUITests */,
				3E1D0DCF22C0A0BF008E185B /* Products */,
			);
			sourceTree = "<group>";
		};
		3E1D0DCF22C0A0BF008E185B /* Products */ = {
			isa = PBXGroup;
			children = (
				3E1D0DCE22C0A0BF008E185B /* StarScore.app */,
				3E1D0DE622C0A0C0008E185B /* StarScoreTests.xctest */,
				3E1D0DF122C0A0C0008E185B /* StarScoreUITests.xctest */,
			);
			name = Products;
			sourceTree = "<group>";
		};
		3E1D0DD022C0A0BF008E185B /* StarScore */ = {
			isa = PBXGroup;
			children = (
				3E1D0DD122C0A0BF008E185B /* AppDelegate.h */,
				3E1D0DD222C0A0BF008E185B /* AppDelegate.m */,
				3E1D0DD422C0A0BF008E185B /* ViewController.h */,
				3E1D0DD522C0A0BF008E185B /* ViewController.m */,
				3E1D0E0622C0A1C8008E185B /* StarRateView.h */,
				3E1D0E0722C0A1C8008E185B /* StarRateView.m */,
				3E1D0DD722C0A0BF008E185B /* Main.storyboard */,
				3E1D0DDA22C0A0C0008E185B /* Assets.xcassets */,
				3E1D0DDC22C0A0C0008E185B /* LaunchScreen.storyboard */,
				3E1D0DDF22C0A0C0008E185B /* Info.plist */,
				3E1D0DE022C0A0C0008E185B /* main.m */,
			);
			path = StarScore;
			sourceTree = "<group>";
		};
		3E1D0DE922C0A0C0008E185B /* StarScoreTests */ = {
			isa = PBXGroup;
			children = (
				3E1D0DEA22C0A0C0008E185B /* StarScoreTests.m */,
				3E1D0DEC22C0A0C0008E185B /* Info.plist */,
			);
			path = StarScoreTests;
			sourceTree = "<group>";
		};
		3E1D0DF422C0A0C0008E185B /* StarScoreUITests */ = {
			isa = PBXGroup;
			children = (
				3E1D0DF522C0A0C0008E185B /* StarScoreUITests.m */,
				3E1D0DF722C0A0C0008E185B /* Info.plist */,
			);
			path = StarScoreUITests;
			sourceTree = "<group>";
		};
/* End PBXGroup section */

/* Begin PBXNativeTarget section */
		3E1D0DCD22C0A0BF008E185B /* StarScore */ = {
			isa = PBXNativeTarget;
			buildConfigurationList = 3E1D0DFA22C0A0C0008E185B /* Build configuration list for PBXNativeTarget "StarScore" */;
			buildPhases = (
				3E1D0DCA22C0A0BF008E185B /* Sources */,
				3E1D0DCB22C0A0BF008E185B /* Frameworks */,
				3E1D0DCC22C0A0BF008E185B /* Resources */,
			);
			buildRules = (
			);
			dependencies = (
			);
			name = StarScore;
			productName = StarScore;
			productReference = 3E1D0DCE22C0A0BF008E185B /* StarScore.app */;
			productType = "com.apple.product-type.application";
		};
		3E1D0DE522C0A0C0008E185B /* StarScoreTests */ = {
			isa = PBXNativeTarget;
			buildConfigurationList = 3E1D0DFD22C0A0C0008E185B /* Build configuration list for PBXNativeTarget "StarScoreTests" */;
			buildPhases = (
				3E1D0DE222C0A0C0008E185B /* Sources */,
				3E1D0DE322C0A0C0008E185B /* Frameworks */,
				3E1D0DE422C0A0C0008E185B /* Resources */,
			);
			buildRules = (
			);
			dependencies = (
				3E1D0DE822C0A0C0008E185B /* PBXTargetDependency */,
			);
			name = StarScoreTests;
			productName = StarScoreTests;
			productReference = 3E1D0DE622C0A0C0008E185B /* StarScoreTests.xctest */;
			productType = "com.apple.product-type.bundle.unit-test";
		};
		3E1D0DF022C0A0C0008E185B /* StarScoreUITests */ = {
			isa = PBXNativeTarget;
			buildConfigurationList = 3E1D0E0022C0A0C0008E185B /* Build configuration list for PBXNativeTarget "StarScoreUITests" */;
			buildPhases = (
				3E1D0DED22C0A0C0008E185B /* Sources */,
				3E1D0DEE22C0A0C0008E185B /* Frameworks */,
				3E1D0DEF22C0A0C0008E185B /* Resources */,
			);
			buildRules = (
			);
			dependencies = (
				3E1D0DF322C0A0C0008E185B /* PBXTargetDependency */,
			);
			name = StarScoreUITests;
			productName = StarScoreUITests;
			productReference = 3E1D0DF122C0A0C0008E185B /* StarScoreUITests.xctest */;
			productType = "com.apple.product-type.bundle.ui-testing";
		};
/* End PBXNativeTarget section */

/* Begin PBXProject section */
		3E1D0DC622C0A0BF008E185B /* Project object */ = {
			isa = PBXProject;
			attributes = {
				LastUpgradeCheck = 1020;
				ORGANIZATIONNAME = G;
				TargetAttributes = {
					3E1D0DCD22C0A0BF008E185B = {
						CreatedOnToolsVersion = 10.2.1;
					};
					3E1D0DE522C0A0C0008E185B = {
						CreatedOnToolsVersion = 10.2.1;
						TestTargetID = 3E1D0DCD22C0A0BF008E185B;
					};
					3E1D0DF022C0A0C0008E185B = {
						CreatedOnToolsVersion = 10.2.1;
						TestTargetID = 3E1D0DCD22C0A0BF008E185B;
					};
				};
			};
			buildConfigurationList = 3E1D0DC922C0A0BF008E185B /* Build configuration list for PBXProject "StarScore" */;
			compatibilityVersion = "Xcode 9.3";
			developmentRegion = en;
			hasScannedForEncodings = 0;
			knownRegions = (
				en,
				Base,
			);
			mainGroup = 3E1D0DC522C0A0BF008E185B;
			productRefGroup = 3E1D0DCF22C0A0BF008E185B /* Products */;
			projectDirPath = "";
			projectRoot = "";
			targets = (
				3E1D0DCD22C0A0BF008E185B /* StarScore */,
				3E1D0DE522C0A0C0008E185B /* StarScoreTests */,
				3E1D0DF022C0A0C0008E185B /* StarScoreUITests */,
			);
		};
/* End PBXProject section */

/* Begin PBXResourcesBuildPhase section */
		3E1D0DCC22C0A0BF008E185B /* Resources */ = {
			isa = PBXResourcesBuildPhase;
			buildActionMask = 2147483647;
			files = (
				3E1D0DDE22C0A0C0008E185B /* LaunchScreen.storyboard in Resources */,
				3E1D0DDB22C0A0C0008E185B /* Assets.xcassets in Resources */,
				3E1D0DD922C0A0BF008E185B /* Main.storyboard in Resources */,
			);
			runOnlyForDeploymentPostprocessing = 0;
		};
		3E1D0DE422C0A0C0008E185B /* Resources */ = {
			isa = PBXResourcesBuildPhase;
			buildActionMask = 2147483647;
			files = (
			);
			runOnlyForDeploymentPostprocessing = 0;
		};
		3E1D0DEF22C0A0C0008E185B /* Resources */ = {
			isa = PBXResourcesBuildPhase;
			buildActionMask = 2147483647;
			files = (
			);
			runOnlyForDeploymentPostprocessing = 0;
		};
/* End PBXResourcesBuildPhase section */

/* Begin PBXSourcesBuildPhase section */
		3E1D0DCA22C0A0BF008E185B /* Sources */ = {
			isa = PBXSourcesBuildPhase;
			buildActionMask = 2147483647;
			files = (
				3E1D0DD622C0A0BF008E185B /* ViewController.m in Sources */,
				3E1D0DE122C0A0C0008E185B /* main.m in Sources */,
				3E1D0E0822C0A1C8008E185B /* StarRateView.m in Sources */,
				3E1D0DD322C0A0BF008E185B /* AppDelegate.m in Sources */,
			);
			runOnlyForDeploymentPostprocessing = 0;
		};
		3E1D0DE222C0A0C0008E185B /* Sources */ = {
			isa = PBXSourcesBuildPhase;
			buildActionMask = 2147483647;
			files = (
				3E1D0DEB22C0A0C0008E185B /* StarScoreTests.m in Sources */,
			);
			runOnlyForDeploymentPostprocessing = 0;
		};
		3E1D0DED22C0A0C0008E185B /* Sources */ = {
			isa = PBXSourcesBuildPhase;
			buildActionMask = 2147483647;
			files = (
				3E1D0DF622C0A0C0008E185B /* StarScoreUITests.m in Sources */,
			);
			runOnlyForDeploymentPostprocessing = 0;
		};
/* End PBXSourcesBuildPhase section */

/* Begin PBXTargetDependency section */
		3E1D0DE822C0A0C0008E185B /* PBXTargetDependency */ = {
			isa = PBXTargetDependency;
			target = 3E1D0DCD22C0A0BF008E185B /* StarScore */;
			targetProxy = 3E1D0DE722C0A0C0008E185B /* PBXContainerItemProxy */;
		};
		3E1D0DF322C0A0C0008E185B /* PBXTargetDependency */ = {
			isa = PBXTargetDependency;
			target = 3E1D0DCD22C0A0BF008E185B /* StarScore */;
			targetProxy = 3E1D0DF222C0A0C0008E185B /* PBXContainerItemProxy */;
		};
/* End PBXTargetDependency section */

/* Begin PBXVariantGroup section */
		3E1D0DD722C0A0BF008E185B /* Main.storyboard */ = {
			isa = PBXVariantGroup;
			children = (
				3E1D0DD822C0A0BF008E185B /* Base */,
			);
			name = Main.storyboard;
			sourceTree = "<group>";
		};
		3E1D0DDC22C0A0C0008E185B /* LaunchScreen.storyboard */ = {
			isa = PBXVariantGroup;
			children = (
				3E1D0DDD22C0A0C0008E185B /* Base */,
			);
			name = LaunchScreen.storyboard;
			sourceTree = "<group>";
		};
/* End PBXVariantGroup section */

/* Begin XCBuildConfiguration section */
		3E1D0DF822C0A0C0008E185B /* Debug */ = {
			isa = XCBuildConfiguration;
			buildSettings = {
				ALWAYS_SEARCH_USER_PATHS = NO;
				CLANG_ANALYZER_NONNULL = YES;
				CLANG_ANALYZER_NUMBER_OBJECT_CONVERSION = YES_AGGRESSIVE;
				CLANG_CXX_LANGUAGE_STANDARD = "gnu++14";
				CLANG_CXX_LIBRARY = "libc++";
				CLANG_ENABLE_MODULES = YES;
				CLANG_ENABLE_OBJC_ARC = YES;
				CLANG_ENABLE_OBJC_WEAK = YES;
				CLANG_WARN_BLOCK_CAPTURE_AUTORELEASING = YES;
				CLANG_WARN_BOOL_CONVERSION = YES;
				CLANG_WARN_COMMA = YES;
				CLANG_WARN_CONSTANT_CONVERSION = YES;
				CLANG_WARN_DEPRECATED_OBJC_IMPLEMENTATIONS = YES;
				CLANG_WARN_DIRECT_OBJC_ISA_USAGE = YES_ERROR;
				CLANG_WARN_DOCUMENTATION_COMMENTS = YES;
				CLANG_WARN_EMPTY_BODY = YES;
				CLANG_WARN_ENUM_CONVERSION = YES;
				CLANG_WARN_INFINITE_RECURSION = YES;
				CLANG_WARN_INT_CONVERSION = YES;
				CLANG_WARN_NON_LITERAL_NULL_CONVERSION = YES;
				CLANG_WARN_OBJC_IMPLICIT_RETAIN_SELF = YES;
				CLANG_WARN_OBJC_LITERAL_CONVERSION = YES;
				CLANG_WARN_OBJC_ROOT_CLASS = YES_ERROR;
				CLANG_WARN_RANGE_LOOP_ANALYSIS = YES;
				CLANG_WARN_STRICT_PROTOTYPES = YES;
				CLANG_WARN_SUSPICIOUS_MOVE = YES;
				CLANG_WARN_UNGUARDED_AVAILABILITY = YES_AGGRESSIVE;
				CLANG_WARN_UNREACHABLE_CODE = YES;
				CLANG_WARN__DUPLICATE_METHOD_MATCH = YES;
				CODE_SIGN_IDENTITY = "iPhone Developer";
				COPY_PHASE_STRIP = NO;
				DEBUG_INFORMATION_FORMAT = dwarf;
				ENABLE_STRICT_OBJC_MSGSEND = YES;
				ENABLE_TESTABILITY = YES;
				GCC_C_LANGUAGE_STANDARD = gnu11;
				GCC_DYNAMIC_NO_PIC = NO;
				GCC_NO_COMMON_BLOCKS = YES;
				GCC_OPTIMIZATION_LEVEL = 0;
				GCC_PREPROCESSOR_DEFINITIONS = (
					"DEBUG=1",
					"$(inherited)",
				);
				GCC_WARN_64_TO_32_BIT_CONVERSION = YES;
				GCC_WARN_ABOUT_RETURN_TYPE = YES_ERROR;
				GCC_WARN_UNDECLARED_SELECTOR = YES;
				GCC_WARN_UNINITIALIZED_AUTOS = YES_AGGRESSIVE;
				GCC_WARN_UNUSED_FUNCTION = YES;
				GCC_WARN_UNUSED_VARIABLE = YES;
				IPHONEOS_DEPLOYMENT_TARGET = 12.2;
				MTL_ENABLE_DEBUG_INFO = INCLUDE_SOURCE;
				MTL_FAST_MATH = YES;
				ONLY_ACTIVE_ARCH = YES;
				SDKROOT = iphoneos;
			};
			name = Debug;
		};
		3E1D0DF922C0A0C0008E185B /* Release */ = {
			isa = XCBuildConfiguration;
			buildSettings = {
				ALWAYS_SEARCH_USER_PATHS = NO;
				CLANG_ANALYZER_NONNULL = YES;
				CLANG_ANALYZER_NUMBER_OBJECT_CONVERSION = YES_AGGRESSIVE;
				CLANG_CXX_LANGUAGE_STANDARD = "gnu++14";
				CLANG_CXX_LIBRARY = "libc++";
				CLANG_ENABLE_MODULES = YES;
				CLANG_ENABLE_OBJC_ARC = YES;
				CLANG_ENABLE_OBJC_WEAK = YES;
				CLANG_WARN_BLOCK_CAPTURE_AUTORELEASING = YES;
				CLANG_WARN_BOOL_CONVERSION = YES;
				CLANG_WARN_COMMA = YES;
				CLANG_WARN_CONSTANT_CONVERSION = YES;
				CLANG_WARN_DEPRECATED_OBJC_IMPLEMENTATIONS = YES;
				CLANG_WARN_DIRECT_OBJC_ISA_USAGE = YES_ERROR;
				CLANG_WARN_DOCUMENTATION_COMMENTS = YES;
				CLANG_WARN_EMPTY_BODY = YES;
				CLANG_WARN_ENUM_CONVERSION = YES;
				CLANG_WARN_INFINITE_RECURSION = YES;
				CLANG_WARN_INT_CONVERSION = YES;
				CLANG_WARN_NON_LITERAL_NULL_CONVERSION = YES;
				CLANG_WARN_OBJC_IMPLICIT_RETAIN_SELF = YES;
				CLANG_WARN_OBJC_LITERAL_CONVERSION = YES;
				CLANG_WARN_OBJC_ROOT_CLASS = YES_ERROR;
				CLANG_WARN_RANGE_LOOP_ANALYSIS = YES;
				CLANG_WARN_STRICT_PROTOTYPES = YES;
				CLANG_WARN_SUSPICIOUS_MOVE = YES;
				CLANG_WARN_UNGUARDED_AVAILABILITY = YES_AGGRESSIVE;
				CLANG_WARN_UNREACHABLE_CODE = YES;
				CLANG_WARN__DUPLICATE_METHOD_MATCH = YES;
				CODE_SIGN_IDENTITY = "iPhone Developer";
				COPY_PHASE_STRIP = NO;
				DEBUG_INFORMATION_FORMAT = "dwarf-with-dsym";
				ENABLE_NS_ASSERTIONS = NO;
				ENABLE_STRICT_OBJC_MSGSEND = YES;
				GCC_C_LANGUAGE_STANDARD = gnu11;
				GCC_NO_COMMON_BLOCKS = YES;
				GCC_WARN_64_TO_32_BIT_CONVERSION = YES;
				GCC_WARN_ABOUT_RETURN_TYPE = YES_ERROR;
				GCC_WARN_UNDECLARED_SELECTOR = YES;
				GCC_WARN_UNINITIALIZED_AUTOS = YES_AGGRESSIVE;
				GCC_WARN_UNUSED_FUNCTION = YES;
				GCC_WARN_UNUSED_VARIABLE = YES;
				IPHONEOS_DEPLOYMENT_TARGET = 12.2;
				MTL_ENABLE_DEBUG_INFO = NO;
				MTL_FAST_MATH = YES;
				SDKROOT = iphoneos;
				VALIDATE_PRODUCT = YES;
			};
			name = Release;
		};
		3E1D0DFB22C0A0C0008E185B /* Debug */ = {
			isa = XCBuildConfiguration;
			buildSettings = {
				ASSETCATALOG_COMPILER_APPICON_NAME = AppIcon;
				CODE_SIGN_STYLE = Automatic;
				INFOPLIST_FILE = StarScore/Info.plist;
				LD_RUNPATH_SEARCH_PATHS = (
					"$(inherited)",
					"@executable_path/Frameworks",
				);
				PRODUCT_BUNDLE_IDENTIFIER = Gao.StarScore;
				PRODUCT_NAME = "$(TARGET_NAME)";
				TARGETED_DEVICE_FAMILY = "1,2";
			};
			name = Debug;
		};
		3E1D0DFC22C0A0C0008E185B /* Release */ = {
			isa = XCBuildConfiguration;
			buildSettings = {
				ASSETCATALOG_COMPILER_APPICON_NAME = AppIcon;
				CODE_SIGN_STYLE = Automatic;
				INFOPLIST_FILE = StarScore/Info.plist;
				LD_RUNPATH_SEARCH_PATHS = (
					"$(inherited)",
					"@executable_path/Frameworks",
				);
				PRODUCT_BUNDLE_IDENTIFIER = Gao.StarScore;
				PRODUCT_NAME = "$(TARGET_NAME)";
				TARGETED_DEVICE_FAMILY = "1,2";
			};
			name = Release;
		};
		3E1D0DFE22C0A0C0008E185B /* Debug */ = {
			isa = XCBuildConfiguration;
			buildSettings = {
				BUNDLE_LOADER = "$(TEST_HOST)";
				CODE_SIGN_STYLE = Automatic;
				INFOPLIST_FILE = StarScoreTests/Info.plist;
				LD_RUNPATH_SEARCH_PATHS = (
					"$(inherited)",
					"@executable_path/Frameworks",
					"@loader_path/Frameworks",
				);
				PRODUCT_BUNDLE_IDENTIFIER = Gao.StarScoreTests;
				PRODUCT_NAME = "$(TARGET_NAME)";
				TARGETED_DEVICE_FAMILY = "1,2";
				TEST_HOST = "$(BUILT_PRODUCTS_DIR)/StarScore.app/StarScore";
			};
			name = Debug;
		};
		3E1D0DFF22C0A0C0008E185B /* Release */ = {
			isa = XCBuildConfiguration;
			buildSettings = {
				BUNDLE_LOADER = "$(TEST_HOST)";
				CODE_SIGN_STYLE = Automatic;
				INFOPLIST_FILE = StarScoreTests/Info.plist;
				LD_RUNPATH_SEARCH_PATHS = (
					"$(inherited)",
					"@executable_path/Frameworks",
					"@loader_path/Frameworks",
				);
				PRODUCT_BUNDLE_IDENTIFIER = Gao.StarScoreTests;
				PRODUCT_NAME = "$(TARGET_NAME)";
				TARGETED_DEVICE_FAMILY = "1,2";
				TEST_HOST = "$(BUILT_PRODUCTS_DIR)/StarScore.app/StarScore";
			};
			name = Release;
		};
		3E1D0E0122C0A0C0008E185B /* Debug */ = {
			isa = XCBuildConfiguration;
			buildSettings = {
				CODE_SIGN_STYLE = Automatic;
				INFOPLIST_FILE = StarScoreUITests/Info.plist;
				LD_RUNPATH_SEARCH_PATHS = (
					"$(inherited)",
					"@executable_path/Frameworks",
					"@loader_path/Frameworks",
				);
				PRODUCT_BUNDLE_IDENTIFIER = Gao.StarScoreUITests;
				PRODUCT_NAME = "$(TARGET_NAME)";
				TARGETED_DEVICE_FAMILY = "1,2";
				TEST_TARGET_NAME = StarScore;
			};
			name = Debug;
		};
		3E1D0E0222C0A0C0008E185B /* Release */ = {
			isa = XCBuildConfiguration;
			buildSettings = {
				CODE_SIGN_STYLE = Automatic;
				INFOPLIST_FILE = StarScoreUITests/Info.plist;
				LD_RUNPATH_SEARCH_PATHS = (
					"$(inherited)",
					"@executable_path/Frameworks",
					"@loader_path/Frameworks",
				);
				PRODUCT_BUNDLE_IDENTIFIER = Gao.StarScoreUITests;
				PRODUCT_NAME = "$(TARGET_NAME)";
				TARGETED_DEVICE_FAMILY = "1,2";
				TEST_TARGET_NAME = StarScore;
			};
			name = Release;
		};
/* End XCBuildConfiguration section */

/* Begin XCConfigurationList section */
		3E1D0DC922C0A0BF008E185B /* Build configuration list for PBXProject "StarScore" */ = {
			isa = XCConfigurationList;
			buildConfigurations = (
				3E1D0DF822C0A0C0008E185B /* Debug */,
				3E1D0DF922C0A0C0008E185B /* Release */,
			);
			defaultConfigurationIsVisible = 0;
			defaultConfigurationName = Release;
		};
		3E1D0DFA22C0A0C0008E185B /* Build configuration list for PBXNativeTarget "StarScore" */ = {
			isa = XCConfigurationList;
			buildConfigurations = (
				3E1D0DFB22C0A0C0008E185B /* Debug */,
				3E1D0DFC22C0A0C0008E185B /* Release */,
			);
			defaultConfigurationIsVisible = 0;
			defaultConfigurationName = Release;
		};
		3E1D0DFD22C0A0C0008E185B /* Build configuration list for PBXNativeTarget "StarScoreTests" */ = {
			isa = XCConfigurationList;
			buildConfigurations = (
				3E1D0DFE22C0A0C0008E185B /* Debug */,
				3E1D0DFF22C0A0C0008E185B /* Release */,
			);
			defaultConfigurationIsVisible = 0;
			defaultConfigurationName = Release;
		};
		3E1D0E0022C0A0C0008E185B /* Build configuration list for PBXNativeTarget "StarScoreUITests" */ = {
			isa = XCConfigurationList;
			buildConfigurations = (
				3E1D0E0122C0A0C0008E185B /* Debug */,
				3E1D0E0222C0A0C0008E185B /* Release */,
			);
			defaultConfigurationIsVisible = 0;
			defaultConfigurationName = Release;
		};
/* End XCConfigurationList section */
	};
	rootObject = 3E1D0DC622C0A0BF008E185B /* Project object */;
}
